version = 1
requires-python = ">=3.12"

[[package]]
name = "bili2text"
version = "1.0.0"
source = { virtual = "." }
dependencies = [
    { name = "fastapi" },
    { name = "uvicorn" },
    { name = "pydantic" },
    { name = "python-multipart" },
    { name = "requests" },
    { name = "websocket-client" },
]

[package.metadata]
requires-dist = [
    { name = "fastapi" },
    { name = "uvicorn" },
    { name = "pydantic" },
    { name = "python-multipart" },
    { name = "requests" },
    { name = "websocket-client" },
]

[[package]]
name = "fastapi"
version = "0.115.0"
source = { registry = "https://pypi.org/simple" }
dependencies = [
    { name = "starlette" },
    { name = "pydantic" },
    { name = "typing-extensions" },
]

[[package]]
name = "uvicorn"
version = "0.32.0"
source = { registry = "https://pypi.org/simple" }
dependencies = [
    { name = "click" },
    { name = "h11" },
]

[[package]]
name = "pydantic"
version = "2.9.2"
source = { registry = "https://pypi.org/simple" }
dependencies = [
    { name = "annotated-types" },
    { name = "pydantic-core" },
    { name = "typing-extensions" },
]

[[package]]
name = "python-multipart"
version = "0.0.12"
source = { registry = "https://pypi.org/simple" }

[[package]]
name = "requests"
version = "2.32.3"
source = { registry = "https://pypi.org/simple" }
dependencies = [
    { name = "charset-normalizer" },
    { name = "idna" },
    { name = "urllib3" },
    { name = "certifi" },
]

[[package]]
name = "websocket-client"
version = "1.8.0"
source = { registry = "https://pypi.org/simple" }
