version = 1
requires-python = ">=3.9"

[[package]]
name = "bili2text"
version = "1.0.0"
source = { virtual = "." }
dependencies = [
    { name = "fastapi" },
    { name = "uvicorn" },
    { name = "pydantic" },
    { name = "python-multipart" },
    { name = "requests" },
    { name = "websocket-client" },
    { name = "you-get" },
    { name = "moviepy" },
    { name = "pydub" },
    { name = "ffmpeg-python" },
    { name = "imageio-ffmpeg" },
]

[package.metadata]
requires-dist = [
    { name = "fastapi" },
    { name = "uvicorn" },
    { name = "pydantic" },
    { name = "python-multipart" },
    { name = "requests" },
    { name = "websocket-client" },
    { name = "you-get" },
    { name = "moviepy" },
    { name = "pydub" },
    { name = "ffmpeg-python" },
    { name = "imageio-ffmpeg" },
]
